
Microsoft Visual Studio Solution File, Format Version 12.00
# Visual Studio Version 17
VisualStudioVersion = 17.4.33122.133
MinimumVisualStudioVersion = 10.0.40219.1
Project("{FAE04EC0-301F-11D3-BF4B-00C04F79EFBC}") = "My Chat_Bot", "..\My Chat_Bot\My Chat_Bot.csproj", "{07B430AD-1539-4034-A450-941AEB58FBBB}"
EndProject
Project("{FAE04EC0-301F-11D3-BF4B-00C04F79EFBC}") = "TelegramBot", "..\TelegramBot\TelegramBot.csproj", "{1C48D3FE-01F8-4872-97A8-064B933B590B}"
EndProject
Global
	GlobalSection(SolutionConfigurationPlatforms) = preSolution
		Debug|Any CPU = Debug|Any CPU
		Release|Any CPU = Release|Any CPU
	EndGlobalSection
	GlobalSection(ProjectConfigurationPlatforms) = postSolution
		{07B430AD-1539-4034-A450-941AEB58FBBB}.Debug|Any CPU.ActiveCfg = Debug|Any CPU
		{07B430AD-1539-4034-A450-941AEB58FBBB}.Debug|Any CPU.Build.0 = Debug|Any CPU
		{07B430AD-1539-4034-A450-941AEB58FBBB}.Release|Any CPU.ActiveCfg = Release|Any CPU
		{07B430AD-1539-4034-A450-941AEB58FBBB}.Release|Any CPU.Build.0 = Release|Any CPU
		{1C48D3FE-01F8-4872-97A8-064B933B590B}.Debug|Any CPU.ActiveCfg = Debug|Any CPU
		{1C48D3FE-01F8-4872-97A8-064B933B590B}.Debug|Any CPU.Build.0 = Debug|Any CPU
		{1C48D3FE-01F8-4872-97A8-064B933B590B}.Release|Any CPU.ActiveCfg = Release|Any CPU
		{1C48D3FE-01F8-4872-97A8-064B933B590B}.Release|Any CPU.Build.0 = Release|Any CPU
	EndGlobalSection
	GlobalSection(SolutionProperties) = preSolution
		HideSolutionNode = FALSE
	EndGlobalSection
	GlobalSection(ExtensibilityGlobals) = postSolution
		SolutionGuid = {CB55DE58-31E0-43D0-8956-E6E0DBF23E7A}
	EndGlobalSection
EndGlobal
